// !$*UTF8*$!
{
	archiveVersion = 1;
	classes = {
	};
	objectVersion = 56;
	objects = {

/* Begin PBXBuildFile section */
		3378B95B2ADE6EDC00AABF95 /* AppDelegate.swift in Sources */ = {isa = PBXBuildFile; fileRef = 3378B95A2ADE6EDC00AABF95 /* AppDelegate.swift */; };
		3378B95D2ADE6EDC00AABF95 /* SceneDelegate.swift in Sources */ = {isa = PBXBuildFile; fileRef = 3378B95C2ADE6EDC00AABF95 /* SceneDelegate.swift */; };
		3378B95F2ADE6EDC00AABF95 /* ViewController.swift in Sources */ = {isa = PBXBuildFile; fileRef = 3378B95E2ADE6EDC00AABF95 /* ViewController.swift */; };
		3378B9622ADE6EDC00AABF95 /* Main.storyboard in Resources */ = {isa = PBXBuildFile; fileRef = 3378B9602ADE6EDC00AABF95 /* Main.storyboard */; };
		3378B9642ADE6EDD00AABF95 /* Assets.xcassets in Resources */ = {isa = PBXBuildFile; fileRef = 3378B9632ADE6EDD00AABF95 /* Assets.xcassets */; };
		3378B9672ADE6EDD00AABF95 /* LaunchScreen.storyboard in Resources */ = {isa = PBXBuildFile; fileRef = 3378B9652ADE6EDD00AABF95 /* LaunchScreen.storyboard */; };
		3378B9732ADEAC0F00AABF95 /* Followers.swift in Sources */ = {isa = PBXBuildFile; fileRef = 3378B9722ADEAC0F00AABF95 /* Followers.swift */; };
		3378B9752ADEAC6900AABF95 /* GitModel.swift in Sources */ = {isa = PBXBuildFile; fileRef = 3378B9742ADEAC6900AABF95 /* GitModel.swift */; };
		3378B9772ADEB39D00AABF95 /* FollowersViewController.swift in Sources */ = {isa = PBXBuildFile; fileRef = 3378B9762ADEB39D00AABF95 /* FollowersViewController.swift */; };
		3378B9792ADEB99400AABF95 /* FollowerCollectionViewCell.swift in Sources */ = {isa = PBXBuildFile; fileRef = 3378B9782ADEB99400AABF95 /* FollowerCollectionViewCell.swift */; };
		3378B97C2ADEBE7C00AABF95 /* Cache.swift in Sources */ = {isa = PBXBuildFile; fileRef = 3378B97B2ADEBE7C00AABF95 /* Cache.swift */; };
/* End PBXBuildFile section */

/* Begin PBXFileReference section */
		3378B9572ADE6EDC00AABF95 /* GitHub API.app */ = {isa = PBXFileReference; explicitFileType = wrapper.application; includeInIndex = 0; path = "GitHub API.app"; sourceTree = BUILT_PRODUCTS_DIR; };
		3378B95A2ADE6EDC00AABF95 /* AppDelegate.swift */ = {isa = PBXFileReference; lastKnownFileType = sourcecode.swift; path = AppDelegate.swift; sourceTree = "<group>"; };
		3378B95C2ADE6EDC00AABF95 /* SceneDelegate.swift */ = {isa = PBXFileReference; lastKnownFileType = sourcecode.swift; path = SceneDelegate.swift; sourceTree = "<group>"; };
		3378B95E2ADE6EDC00AABF95 /* ViewController.swift */ = {isa = PBXFileReference; lastKnownFileType = sourcecode.swift; path = ViewController.swift; sourceTree = "<group>"; };
		3378B9612ADE6EDC00AABF95 /* Base */ = {isa = PBXFileReference; lastKnownFileType = file.storyboard; name = Base; path = Base.lproj/Main.storyboard; sourceTree = "<group>"; };
		3378B9632ADE6EDD00AABF95 /* Assets.xcassets */ = {isa = PBXFileReference; lastKnownFileType = folder.assetcatalog; path = Assets.xcassets; sourceTree = "<group>"; };
		3378B9662ADE6EDD00AABF95 /* Base */ = {isa = PBXFileReference; lastKnownFileType = file.storyboard; name = Base; path = Base.lproj/LaunchScreen.storyboard; sourceTree = "<group>"; };
		3378B9682ADE6EDD00AABF95 /* Info.plist */ = {isa = PBXFileReference; lastKnownFileType = text.plist.xml; path = Info.plist; sourceTree = "<group>"; };
		3378B9722ADEAC0F00AABF95 /* Followers.swift */ = {isa = PBXFileReference; lastKnownFileType = sourcecode.swift; path = Followers.swift; sourceTree = "<group>"; };
		3378B9742ADEAC6900AABF95 /* GitModel.swift */ = {isa = PBXFileReference; lastKnownFileType = sourcecode.swift; path = GitModel.swift; sourceTree = "<group>"; };
		3378B9762ADEB39D00AABF95 /* FollowersViewController.swift */ = {isa = PBXFileReference; lastKnownFileType = sourcecode.swift; path = FollowersViewController.swift; sourceTree = "<group>"; };
		3378B9782ADEB99400AABF95 /* FollowerCollectionViewCell.swift */ = {isa = PBXFileReference; lastKnownFileType = sourcecode.swift; path = FollowerCollectionViewCell.swift; sourceTree = "<group>"; };
		3378B97B2ADEBE7C00AABF95 /* Cache.swift */ = {isa = PBXFileReference; lastKnownFileType = sourcecode.swift; path = Cache.swift; sourceTree = "<group>"; };
/* End PBXFileReference section */

/* Begin PBXFrameworksBuildPhase section */
		3378B9542ADE6EDC00AABF95 /* Frameworks */ = {
			isa = PBXFrameworksBuildPhase;
			buildActionMask = 2147483647;
			files = (
			);
			runOnlyForDeploymentPostprocessing = 0;
		};
/* End PBXFrameworksBuildPhase section */

/* Begin PBXGroup section */
		3378B94E2ADE6EDC00AABF95 = {
			isa = PBXGroup;
			children = (
				3378B9592ADE6EDC00AABF95 /* GitHub API */,
				3378B9582ADE6EDC00AABF95 /* Products */,
			);
			sourceTree = "<group>";
		};
		3378B9582ADE6EDC00AABF95 /* Products */ = {
			isa = PBXGroup;
			children = (
				3378B9572ADE6EDC00AABF95 /* GitHub API.app */,
			);
			name = Products;
			sourceTree = "<group>";
		};
		3378B9592ADE6EDC00AABF95 /* GitHub API */ = {
			isa = PBXGroup;
			children = (
				3378B95A2ADE6EDC00AABF95 /* AppDelegate.swift */,
				3378B95C2ADE6EDC00AABF95 /* SceneDelegate.swift */,
				3378B96E2ADEABC200AABF95 /* StoryBoards */,
				3378B96F2ADEABD100AABF95 /* ViewControllers */,
				3378B9702ADEABE400AABF95 /* Model */,
				3378B9712ADEABEB00AABF95 /* Views */,
				3378B97A2ADEBE6E00AABF95 /* CacheManager */,
				3378B9632ADE6EDD00AABF95 /* Assets.xcassets */,
				3378B9682ADE6EDD00AABF95 /* Info.plist */,
			);
			path = "GitHub API";
			sourceTree = "<group>";
		};
		3378B96E2ADEABC200AABF95 /* StoryBoards */ = {
			isa = PBXGroup;
			children = (
				3378B9602ADE6EDC00AABF95 /* Main.storyboard */,
				3378B9652ADE6EDD00AABF95 /* LaunchScreen.storyboard */,
			);
			path = StoryBoards;
			sourceTree = "<group>";
		};
		3378B96F2ADEABD100AABF95 /* ViewControllers */ = {
			isa = PBXGroup;
			children = (
				3378B95E2ADE6EDC00AABF95 /* ViewController.swift */,
				3378B9762ADEB39D00AABF95 /* FollowersViewController.swift */,
			);
			path = ViewControllers;
			sourceTree = "<group>";
		};
		3378B9702ADEABE400AABF95 /* Model */ = {
			isa = PBXGroup;
			children = (
				3378B9722ADEAC0F00AABF95 /* Followers.swift */,
				3378B9742ADEAC6900AABF95 /* GitModel.swift */,
			);
			path = Model;
			sourceTree = "<group>";
		};
		3378B9712ADEABEB00AABF95 /* Views */ = {
			isa = PBXGroup;
			children = (
				3378B9782ADEB99400AABF95 /* FollowerCollectionViewCell.swift */,
			);
			path = Views;
			sourceTree = "<group>";
		};
		3378B97A2ADEBE6E00AABF95 /* CacheManager */ = {
			isa = PBXGroup;
			children = (
				3378B97B2ADEBE7C00AABF95 /* Cache.swift */,
			);
			path = CacheManager;
			sourceTree = "<group>";
		};
/* End PBXGroup section */

/* Begin PBXNativeTarget section */
		3378B9562ADE6EDC00AABF95 /* GitHub API */ = {
			isa = PBXNativeTarget;
			buildConfigurationList = 3378B96B2ADE6EDD00AABF95 /* Build configuration list for PBXNativeTarget "GitHub API" */;
			buildPhases = (
				3378B9532ADE6EDC00AABF95 /* Sources */,
				3378B9542ADE6EDC00AABF95 /* Frameworks */,
				3378B9552ADE6EDC00AABF95 /* Resources */,
			);
			buildRules = (
			);
			dependencies = (
			);
			name = "GitHub API";
			productName = "GitHub API";
			productReference = 3378B9572ADE6EDC00AABF95 /* GitHub API.app */;
			productType = "com.apple.product-type.application";
		};
/* End PBXNativeTarget section */

/* Begin PBXProject section */
		3378B94F2ADE6EDC00AABF95 /* Project object */ = {
			isa = PBXProject;
			attributes = {
				BuildIndependentTargetsInParallel = 1;
				LastSwiftUpdateCheck = 1500;
				LastUpgradeCheck = 1500;
				TargetAttributes = {
					3378B9562ADE6EDC00AABF95 = {
						CreatedOnToolsVersion = 15.0;
					};
				};
			};
			buildConfigurationList = 3378B9522ADE6EDC00AABF95 /* Build configuration list for PBXProject "GitHub API" */;
			compatibilityVersion = "Xcode 14.0";
			developmentRegion = en;
			hasScannedForEncodings = 0;
			knownRegions = (
				en,
				Base,
			);
			mainGroup = 3378B94E2ADE6EDC00AABF95;
			productRefGroup = 3378B9582ADE6EDC00AABF95 /* Products */;
			projectDirPath = "";
			projectRoot = "";
			targets = (
				3378B9562ADE6EDC00AABF95 /* GitHub API */,
			);
		};
/* End PBXProject section */

/* Begin PBXResourcesBuildPhase section */
		3378B9552ADE6EDC00AABF95 /* Resources */ = {
			isa = PBXResourcesBuildPhase;
			buildActionMask = 2147483647;
			files = (
				3378B9672ADE6EDD00AABF95 /* LaunchScreen.storyboard in Resources */,
				3378B9642ADE6EDD00AABF95 /* Assets.xcassets in Resources */,
				3378B9622ADE6EDC00AABF95 /* Main.storyboard in Resources */,
			);
			runOnlyForDeploymentPostprocessing = 0;
		};
/* End PBXResourcesBuildPhase section */

/* Begin PBXSourcesBuildPhase section */
		3378B9532ADE6EDC00AABF95 /* Sources */ = {
			isa = PBXSourcesBuildPhase;
			buildActionMask = 2147483647;
			files = (
				3378B9772ADEB39D00AABF95 /* FollowersViewController.swift in Sources */,
				3378B95F2ADE6EDC00AABF95 /* ViewController.swift in Sources */,
				3378B97C2ADEBE7C00AABF95 /* Cache.swift in Sources */,
				3378B95B2ADE6EDC00AABF95 /* AppDelegate.swift in Sources */,
				3378B95D2ADE6EDC00AABF95 /* SceneDelegate.swift in Sources */,
				3378B9732ADEAC0F00AABF95 /* Followers.swift in Sources */,
				3378B9792ADEB99400AABF95 /* FollowerCollectionViewCell.swift in Sources */,
				3378B9752ADEAC6900AABF95 /* GitModel.swift in Sources */,
			);
			runOnlyForDeploymentPostprocessing = 0;
		};
/* End PBXSourcesBuildPhase section */

/* Begin PBXVariantGroup section */
		3378B9602ADE6EDC00AABF95 /* Main.storyboard */ = {
			isa = PBXVariantGroup;
			children = (
				3378B9612ADE6EDC00AABF95 /* Base */,
			);
			name = Main.storyboard;
			sourceTree = "<group>";
		};
		3378B9652ADE6EDD00AABF95 /* LaunchScreen.storyboard */ = {
			isa = PBXVariantGroup;
			children = (
				3378B9662ADE6EDD00AABF95 /* Base */,
			);
			name = LaunchScreen.storyboard;
			sourceTree = "<group>";
		};
/* End PBXVariantGroup section */

/* Begin XCBuildConfiguration section */
		3378B9692ADE6EDD00AABF95 /* Debug */ = {
			isa = XCBuildConfiguration;
			buildSettings = {
				ALWAYS_SEARCH_USER_PATHS = NO;
				ASSETCATALOG_COMPILER_GENERATE_SWIFT_ASSET_SYMBOL_EXTENSIONS = YES;
				CLANG_ANALYZER_NONNULL = YES;
				CLANG_ANALYZER_NUMBER_OBJECT_CONVERSION = YES_AGGRESSIVE;
				CLANG_CXX_LANGUAGE_STANDARD = "gnu++20";
				CLANG_ENABLE_MODULES = YES;
				CLANG_ENABLE_OBJC_ARC = YES;
				CLANG_ENABLE_OBJC_WEAK = YES;
				CLANG_WARN_BLOCK_CAPTURE_AUTORELEASING = YES;
				CLANG_WARN_BOOL_CONVERSION = YES;
				CLANG_WARN_COMMA = YES;
				CLANG_WARN_CONSTANT_CONVERSION = YES;
				CLANG_WARN_DEPRECATED_OBJC_IMPLEMENTATIONS = YES;
				CLANG_WARN_DIRECT_OBJC_ISA_USAGE = YES_ERROR;
				CLANG_WARN_DOCUMENTATION_COMMENTS = YES;
				CLANG_WARN_EMPTY_BODY = YES;
				CLANG_WARN_ENUM_CONVERSION = YES;
				CLANG_WARN_INFINITE_RECURSION = YES;
				CLANG_WARN_INT_CONVERSION = YES;
				CLANG_WARN_NON_LITERAL_NULL_CONVERSION = YES;
				CLANG_WARN_OBJC_IMPLICIT_RETAIN_SELF = YES;
				CLANG_WARN_OBJC_LITERAL_CONVERSION = YES;
				CLANG_WARN_OBJC_ROOT_CLASS = YES_ERROR;
				CLANG_WARN_QUOTED_INCLUDE_IN_FRAMEWORK_HEADER = YES;
				CLANG_WARN_RANGE_LOOP_ANALYSIS = YES;
				CLANG_WARN_STRICT_PROTOTYPES = YES;
				CLANG_WARN_SUSPICIOUS_MOVE = YES;
				CLANG_WARN_UNGUARDED_AVAILABILITY = YES_AGGRESSIVE;
				CLANG_WARN_UNREACHABLE_CODE = YES;
				CLANG_WARN__DUPLICATE_METHOD_MATCH = YES;
				COPY_PHASE_STRIP = NO;
				DEBUG_INFORMATION_FORMAT = dwarf;
				ENABLE_STRICT_OBJC_MSGSEND = YES;
				ENABLE_TESTABILITY = YES;
				ENABLE_USER_SCRIPT_SANDBOXING = YES;
				GCC_C_LANGUAGE_STANDARD = gnu17;
				GCC_DYNAMIC_NO_PIC = NO;
				GCC_NO_COMMON_BLOCKS = YES;
				GCC_OPTIMIZATION_LEVEL = 0;
				GCC_PREPROCESSOR_DEFINITIONS = (
					"DEBUG=1",
					"$(inherited)",
				);
				GCC_WARN_64_TO_32_BIT_CONVERSION = YES;
				GCC_WARN_ABOUT_RETURN_TYPE = YES_ERROR;
				GCC_WARN_UNDECLARED_SELECTOR = YES;
				GCC_WARN_UNINITIALIZED_AUTOS = YES_AGGRESSIVE;
				GCC_WARN_UNUSED_FUNCTION = YES;
				GCC_WARN_UNUSED_VARIABLE = YES;
				IPHONEOS_DEPLOYMENT_TARGET = 17.0;
				LOCALIZATION_PREFERS_STRING_CATALOGS = YES;
				MTL_ENABLE_DEBUG_INFO = INCLUDE_SOURCE;
				MTL_FAST_MATH = YES;
				ONLY_ACTIVE_ARCH = YES;
				SDKROOT = iphoneos;
				SWIFT_ACTIVE_COMPILATION_CONDITIONS = "DEBUG $(inherited)";
				SWIFT_OPTIMIZATION_LEVEL = "-Onone";
			};
			name = Debug;
		};
		3378B96A2ADE6EDD00AABF95 /* Release */ = {
			isa = XCBuildConfiguration;
			buildSettings = {
				ALWAYS_SEARCH_USER_PATHS = NO;
				ASSETCATALOG_COMPILER_GENERATE_SWIFT_ASSET_SYMBOL_EXTENSIONS = YES;
				CLANG_ANALYZER_NONNULL = YES;
				CLANG_ANALYZER_NUMBER_OBJECT_CONVERSION = YES_AGGRESSIVE;
				CLANG_CXX_LANGUAGE_STANDARD = "gnu++20";
				CLANG_ENABLE_MODULES = YES;
				CLANG_ENABLE_OBJC_ARC = YES;
				CLANG_ENABLE_OBJC_WEAK = YES;
				CLANG_WARN_BLOCK_CAPTURE_AUTORELEASING = YES;
				CLANG_WARN_BOOL_CONVERSION = YES;
				CLANG_WARN_COMMA = YES;
				CLANG_WARN_CONSTANT_CONVERSION = YES;
				CLANG_WARN_DEPRECATED_OBJC_IMPLEMENTATIONS = YES;
				CLANG_WARN_DIRECT_OBJC_ISA_USAGE = YES_ERROR;
				CLANG_WARN_DOCUMENTATION_COMMENTS = YES;
				CLANG_WARN_EMPTY_BODY = YES;
				CLANG_WARN_ENUM_CONVERSION = YES;
				CLANG_WARN_INFINITE_RECURSION = YES;
				CLANG_WARN_INT_CONVERSION = YES;
				CLANG_WARN_NON_LITERAL_NULL_CONVERSION = YES;
				CLANG_WARN_OBJC_IMPLICIT_RETAIN_SELF = YES;
				CLANG_WARN_OBJC_LITERAL_CONVERSION = YES;
				CLANG_WARN_OBJC_ROOT_CLASS = YES_ERROR;
				CLANG_WARN_QUOTED_INCLUDE_IN_FRAMEWORK_HEADER = YES;
				CLANG_WARN_RANGE_LOOP_ANALYSIS = YES;
				CLANG_WARN_STRICT_PROTOTYPES = YES;
				CLANG_WARN_SUSPICIOUS_MOVE = YES;
				CLANG_WARN_UNGUARDED_AVAILABILITY = YES_AGGRESSIVE;
				CLANG_WARN_UNREACHABLE_CODE = YES;
				CLANG_WARN__DUPLICATE_METHOD_MATCH = YES;
				COPY_PHASE_STRIP = NO;
				DEBUG_INFORMATION_FORMAT = "dwarf-with-dsym";
				ENABLE_NS_ASSERTIONS = NO;
				ENABLE_STRICT_OBJC_MSGSEND = YES;
				ENABLE_USER_SCRIPT_SANDBOXING = YES;
				GCC_C_LANGUAGE_STANDARD = gnu17;
				GCC_NO_COMMON_BLOCKS = YES;
				GCC_WARN_64_TO_32_BIT_CONVERSION = YES;
				GCC_WARN_ABOUT_RETURN_TYPE = YES_ERROR;
				GCC_WARN_UNDECLARED_SELECTOR = YES;
				GCC_WARN_UNINITIALIZED_AUTOS = YES_AGGRESSIVE;
				GCC_WARN_UNUSED_FUNCTION = YES;
				GCC_WARN_UNUSED_VARIABLE = YES;
				IPHONEOS_DEPLOYMENT_TARGET = 17.0;
				LOCALIZATION_PREFERS_STRING_CATALOGS = YES;
				MTL_ENABLE_DEBUG_INFO = NO;
				MTL_FAST_MATH = YES;
				SDKROOT = iphoneos;
				SWIFT_COMPILATION_MODE = wholemodule;
				VALIDATE_PRODUCT = YES;
			};
			name = Release;
		};
		3378B96C2ADE6EDD00AABF95 /* Debug */ = {
			isa = XCBuildConfiguration;
			buildSettings = {
				ASSETCATALOG_COMPILER_APPICON_NAME = AppIcon;
				ASSETCATALOG_COMPILER_GLOBAL_ACCENT_COLOR_NAME = AccentColor;
				CODE_SIGN_STYLE = Automatic;
				CURRENT_PROJECT_VERSION = 1;
				DEVELOPMENT_TEAM = 4285Q8GQW5;
				GENERATE_INFOPLIST_FILE = YES;
				INFOPLIST_FILE = "GitHub API/Info.plist";
				INFOPLIST_KEY_UIApplicationSupportsIndirectInputEvents = YES;
				INFOPLIST_KEY_UILaunchStoryboardName = LaunchScreen;
				INFOPLIST_KEY_UIMainStoryboardFile = Main;
				INFOPLIST_KEY_UISupportedInterfaceOrientations_iPad = "UIInterfaceOrientationPortrait UIInterfaceOrientationPortraitUpsideDown UIInterfaceOrientationLandscapeLeft UIInterfaceOrientationLandscapeRight";
				INFOPLIST_KEY_UISupportedInterfaceOrientations_iPhone = "UIInterfaceOrientationPortrait UIInterfaceOrientationLandscapeLeft UIInterfaceOrientationLandscapeRight";
				LD_RUNPATH_SEARCH_PATHS = (
					"$(inherited)",
					"@executable_path/Frameworks",
				);
				MARKETING_VERSION = 1.0;
				PRODUCT_BUNDLE_IDENTIFIER = "Prakhar.GitHub-API";
				PRODUCT_NAME = "$(TARGET_NAME)";
				SWIFT_EMIT_LOC_STRINGS = YES;
				SWIFT_VERSION = 5.0;
				TARGETED_DEVICE_FAMILY = "1,2";
			};
			name = Debug;
		};
		3378B96D2ADE6EDD00AABF95 /* Release */ = {
			isa = XCBuildConfiguration;
			buildSettings = {
				ASSETCATALOG_COMPILER_APPICON_NAME = AppIcon;
				ASSETCATALOG_COMPILER_GLOBAL_ACCENT_COLOR_NAME = AccentColor;
				CODE_SIGN_STYLE = Automatic;
				CURRENT_PROJECT_VERSION = 1;
				DEVELOPMENT_TEAM = 4285Q8GQW5;
				GENERATE_INFOPLIST_FILE = YES;
				INFOPLIST_FILE = "GitHub API/Info.plist";
				INFOPLIST_KEY_UIApplicationSupportsIndirectInputEvents = YES;
				INFOPLIST_KEY_UILaunchStoryboardName = LaunchScreen;
				INFOPLIST_KEY_UIMainStoryboardFile = Main;
				INFOPLIST_KEY_UISupportedInterfaceOrientations_iPad = "UIInterfaceOrientationPortrait UIInterfaceOrientationPortraitUpsideDown UIInterfaceOrientationLandscapeLeft UIInterfaceOrientationLandscapeRight";
				INFOPLIST_KEY_UISupportedInterfaceOrientations_iPhone = "UIInterfaceOrientationPortrait UIInterfaceOrientationLandscapeLeft UIInterfaceOrientationLandscapeRight";
				LD_RUNPATH_SEARCH_PATHS = (
					"$(inherited)",
					"@executable_path/Frameworks",
				);
				MARKETING_VERSION = 1.0;
				PRODUCT_BUNDLE_IDENTIFIER = "Prakhar.GitHub-API";
				PRODUCT_NAME = "$(TARGET_NAME)";
				SWIFT_EMIT_LOC_STRINGS = YES;
				SWIFT_VERSION = 5.0;
				TARGETED_DEVICE_FAMILY = "1,2";
			};
			name = Release;
		};
/* End XCBuildConfiguration section */

/* Begin XCConfigurationList section */
		3378B9522ADE6EDC00AABF95 /* Build configuration list for PBXProject "GitHub API" */ = {
			isa = XCConfigurationList;
			buildConfigurations = (
				3378B9692ADE6EDD00AABF95 /* Debug */,
				3378B96A2ADE6EDD00AABF95 /* Release */,
			);
			defaultConfigurationIsVisible = 0;
			defaultConfigurationName = Release;
		};
		3378B96B2ADE6EDD00AABF95 /* Build configuration list for PBXNativeTarget "GitHub API" */ = {
			isa = XCConfigurationList;
			buildConfigurations = (
				3378B96C2ADE6EDD00AABF95 /* Debug */,
				3378B96D2ADE6EDD00AABF95 /* Release */,
			);
			defaultConfigurationIsVisible = 0;
			defaultConfigurationName = Release;
		};
/* End XCConfigurationList section */
	};
	rootObject = 3378B94F2ADE6EDC00AABF95 /* Project object */;
}
